// !$*UTF8*$!
{
	archiveVersion = 1;
	classes = {
	};
	objectVersion = 46;
	objects = {

/* Begin PBXBuildFile section */
		3F93EE891BDFF8A000A2A52F /* AppDelegate.swift in Sources */ = {isa = PBXBuildFile; fileRef = 3F93EE881BDFF8A000A2A52F /* AppDelegate.swift */; };
		3F93EE8B1BDFF8A000A2A52F /* ViewController.swift in Sources */ = {isa = PBXBuildFile; fileRef = 3F93EE8A1BDFF8A000A2A52F /* ViewController.swift */; };
		3F93EE8E1BDFF8A000A2A52F /* Main.storyboard in Resources */ = {isa = PBXBuildFile; fileRef = 3F93EE8C1BDFF8A000A2A52F /* Main.storyboard */; };
		3F93EE901BDFF8A000A2A52F /* Assets.xcassets in Resources */ = {isa = PBXBuildFile; fileRef = 3F93EE8F1BDFF8A000A2A52F /* Assets.xcassets */; };
		3F93EE931BDFF8A000A2A52F /* LaunchScreen.storyboard in Resources */ = {isa = PBXBuildFile; fileRef = 3F93EE911BDFF8A000A2A52F /* LaunchScreen.storyboard */; };
		3F93EE9B1BDFF8C100A2A52F /* Spring_In_My_Step.mp3 in Resources */ = {isa = PBXBuildFile; fileRef = 3F93EE9A1BDFF8C100A2A52F /* Spring_In_My_Step.mp3 */; };
		3F93EE9D1BDFF8E800A2A52F /* CheesyImage.png in Resources */ = {isa = PBXBuildFile; fileRef = 3F93EE9C1BDFF8E800A2A52F /* CheesyImage.png */; };
		3F93EEA11BDFF90000A2A52F /* Play.png in Resources */ = {isa = PBXBuildFile; fileRef = 3F93EE9E1BDFF90000A2A52F /* Play.png */; };
		3F93EEA21BDFF90000A2A52F /* Pause.png in Resources */ = {isa = PBXBuildFile; fileRef = 3F93EE9F1BDFF90000A2A52F /* Pause.png */; };
		3F93EEA31BDFF90000A2A52F /* Stop.png in Resources */ = {isa = PBXBuildFile; fileRef = 3F93EEA01BDFF90000A2A52F /* Stop.png */; };
/* End PBXBuildFile section */

/* Begin PBXFileReference section */
		3F93EE851BDFF8A000A2A52F /* PlayAudioFile.app */ = {isa = PBXFileReference; explicitFileType = wrapper.application; includeInIndex = 0; path = PlayAudioFile.app; sourceTree = BUILT_PRODUCTS_DIR; };
		3F93EE881BDFF8A000A2A52F /* AppDelegate.swift */ = {isa = PBXFileReference; lastKnownFileType = sourcecode.swift; path = AppDelegate.swift; sourceTree = "<group>"; };
		3F93EE8A1BDFF8A000A2A52F /* ViewController.swift */ = {isa = PBXFileReference; lastKnownFileType = sourcecode.swift; path = ViewController.swift; sourceTree = "<group>"; };
		3F93EE8D1BDFF8A000A2A52F /* Base */ = {isa = PBXFileReference; lastKnownFileType = file.storyboard; name = Base; path = Base.lproj/Main.storyboard; sourceTree = "<group>"; };
		3F93EE8F1BDFF8A000A2A52F /* Assets.xcassets */ = {isa = PBXFileReference; lastKnownFileType = folder.assetcatalog; path = Assets.xcassets; sourceTree = "<group>"; };
		3F93EE921BDFF8A000A2A52F /* Base */ = {isa = PBXFileReference; lastKnownFileType = file.storyboard; name = Base; path = Base.lproj/LaunchScreen.storyboard; sourceTree = "<group>"; };
		3F93EE941BDFF8A000A2A52F /* Info.plist */ = {isa = PBXFileReference; lastKnownFileType = text.plist.xml; path = Info.plist; sourceTree = "<group>"; };
		3F93EE9A1BDFF8C100A2A52F /* Spring_In_My_Step.mp3 */ = {isa = PBXFileReference; lastKnownFileType = audio.mp3; path = Spring_In_My_Step.mp3; sourceTree = "<group>"; };
		3F93EE9C1BDFF8E800A2A52F /* CheesyImage.png */ = {isa = PBXFileReference; lastKnownFileType = image.png; path = CheesyImage.png; sourceTree = "<group>"; };
		3F93EE9E1BDFF90000A2A52F /* Play.png */ = {isa = PBXFileReference; lastKnownFileType = image.png; path = Play.png; sourceTree = "<group>"; };
		3F93EE9F1BDFF90000A2A52F /* Pause.png */ = {isa = PBXFileReference; lastKnownFileType = image.png; path = Pause.png; sourceTree = "<group>"; };
		3F93EEA01BDFF90000A2A52F /* Stop.png */ = {isa = PBXFileReference; lastKnownFileType = image.png; path = Stop.png; sourceTree = "<group>"; };
/* End PBXFileReference section */

/* Begin PBXFrameworksBuildPhase section */
		3F93EE821BDFF8A000A2A52F /* Frameworks */ = {
			isa = PBXFrameworksBuildPhase;
			buildActionMask = 2147483647;
			files = (
			);
			runOnlyForDeploymentPostprocessing = 0;
		};
/* End PBXFrameworksBuildPhase section */

/* Begin PBXGroup section */
		3F93EE7C1BDFF8A000A2A52F = {
			isa = PBXGroup;
			children = (
				3F93EE871BDFF8A000A2A52F /* PlayAudioFile */,
				3F93EE861BDFF8A000A2A52F /* Products */,
			);
			sourceTree = "<group>";
		};
		3F93EE861BDFF8A000A2A52F /* Products */ = {
			isa = PBXGroup;
			children = (
				3F93EE851BDFF8A000A2A52F /* PlayAudioFile.app */,
			);
			name = Products;
			sourceTree = "<group>";
		};
		3F93EE871BDFF8A000A2A52F /* PlayAudioFile */ = {
			isa = PBXGroup;
			children = (
				3F93EE881BDFF8A000A2A52F /* AppDelegate.swift */,
				3F93EE8A1BDFF8A000A2A52F /* ViewController.swift */,
				3F93EE9A1BDFF8C100A2A52F /* Spring_In_My_Step.mp3 */,
				3F93EE9C1BDFF8E800A2A52F /* CheesyImage.png */,
				3F93EE8C1BDFF8A000A2A52F /* Main.storyboard */,
				3F93EE9E1BDFF90000A2A52F /* Play.png */,
				3F93EE9F1BDFF90000A2A52F /* Pause.png */,
				3F93EEA01BDFF90000A2A52F /* Stop.png */,
				3F93EE8F1BDFF8A000A2A52F /* Assets.xcassets */,
				3F93EE911BDFF8A000A2A52F /* LaunchScreen.storyboard */,
				3F93EE941BDFF8A000A2A52F /* Info.plist */,
			);
			path = PlayAudioFile;
			sourceTree = "<group>";
		};
/* End PBXGroup section */

/* Begin PBXNativeTarget section */
		3F93EE841BDFF8A000A2A52F /* PlayAudioFile */ = {
			isa = PBXNativeTarget;
			buildConfigurationList = 3F93EE971BDFF8A000A2A52F /* Build configuration list for PBXNativeTarget "PlayAudioFile" */;
			buildPhases = (
				3F93EE811BDFF8A000A2A52F /* Sources */,
				3F93EE821BDFF8A000A2A52F /* Frameworks */,
				3F93EE831BDFF8A000A2A52F /* Resources */,
			);
			buildRules = (
			);
			dependencies = (
			);
			name = PlayAudioFile;
			productName = PlayAudioFile;
			productReference = 3F93EE851BDFF8A000A2A52F /* PlayAudioFile.app */;
			productType = "com.apple.product-type.application";
		};
/* End PBXNativeTarget section */

/* Begin PBXProject section */
		3F93EE7D1BDFF8A000A2A52F /* Project object */ = {
			isa = PBXProject;
			attributes = {
				LastUpgradeCheck = 0700;
				ORGANIZATIONNAME = "funza Academy";
				TargetAttributes = {
					3F93EE841BDFF8A000A2A52F = {
						CreatedOnToolsVersion = 7.0;
					};
				};
			};
			buildConfigurationList = 3F93EE801BDFF8A000A2A52F /* Build configuration list for PBXProject "PlayAudioFile" */;
			compatibilityVersion = "Xcode 3.2";
			developmentRegion = English;
			hasScannedForEncodings = 0;
			knownRegions = (
				en,
				Base,
			);
			mainGroup = 3F93EE7C1BDFF8A000A2A52F;
			productRefGroup = 3F93EE861BDFF8A000A2A52F /* Products */;
			projectDirPath = "";
			projectRoot = "";
			targets = (
				3F93EE841BDFF8A000A2A52F /* PlayAudioFile */,
			);
		};
/* End PBXProject section */

/* Begin PBXResourcesBuildPhase section */
		3F93EE831BDFF8A000A2A52F /* Resources */ = {
			isa = PBXResourcesBuildPhase;
			buildActionMask = 2147483647;
			files = (
				3F93EE9B1BDFF8C100A2A52F /* Spring_In_My_Step.mp3 in Resources */,
				3F93EEA31BDFF90000A2A52F /* Stop.png in Resources */,
				3F93EE931BDFF8A000A2A52F /* LaunchScreen.storyboard in Resources */,
				3F93EE901BDFF8A000A2A52F /* Assets.xcassets in Resources */,
				3F93EEA11BDFF90000A2A52F /* Play.png in Resources */,
				3F93EE9D1BDFF8E800A2A52F /* CheesyImage.png in Resources */,
				3F93EE8E1BDFF8A000A2A52F /* Main.storyboard in Resources */,
				3F93EEA21BDFF90000A2A52F /* Pause.png in Resources */,
			);
			runOnlyForDeploymentPostprocessing = 0;
		};
/* End PBXResourcesBuildPhase section */

/* Begin PBXSourcesBuildPhase section */
		3F93EE811BDFF8A000A2A52F /* Sources */ = {
			isa = PBXSourcesBuildPhase;
			buildActionMask = 2147483647;
			files = (
				3F93EE8B1BDFF8A000A2A52F /* ViewController.swift in Sources */,
				3F93EE891BDFF8A000A2A52F /* AppDelegate.swift in Sources */,
			);
			runOnlyForDeploymentPostprocessing = 0;
		};
/* End PBXSourcesBuildPhase section */

/* Begin PBXVariantGroup section */
		3F93EE8C1BDFF8A000A2A52F /* Main.storyboard */ = {
			isa = PBXVariantGroup;
			children = (
				3F93EE8D1BDFF8A000A2A52F /* Base */,
			);
			name = Main.storyboard;
			sourceTree = "<group>";
		};
		3F93EE911BDFF8A000A2A52F /* LaunchScreen.storyboard */ = {
			isa = PBXVariantGroup;
			children = (
				3F93EE921BDFF8A000A2A52F /* Base */,
			);
			name = LaunchScreen.storyboard;
			sourceTree = "<group>";
		};
/* End PBXVariantGroup section */

/* Begin XCBuildConfiguration section */
		3F93EE951BDFF8A000A2A52F /* Debug */ = {
			isa = XCBuildConfiguration;
			buildSettings = {
				ALWAYS_SEARCH_USER_PATHS = NO;
				CLANG_CXX_LANGUAGE_STANDARD = "gnu++0x";
				CLANG_CXX_LIBRARY = "libc++";
				CLANG_ENABLE_MODULES = YES;
				CLANG_ENABLE_OBJC_ARC = YES;
				CLANG_WARN_BOOL_CONVERSION = YES;
				CLANG_WARN_CONSTANT_CONVERSION = YES;
				CLANG_WARN_DIRECT_OBJC_ISA_USAGE = YES_ERROR;
				CLANG_WARN_EMPTY_BODY = YES;
				CLANG_WARN_ENUM_CONVERSION = YES;
				CLANG_WARN_INT_CONVERSION = YES;
				CLANG_WARN_OBJC_ROOT_CLASS = YES_ERROR;
				CLANG_WARN_UNREACHABLE_CODE = YES;
				CLANG_WARN__DUPLICATE_METHOD_MATCH = YES;
				"CODE_SIGN_IDENTITY[sdk=iphoneos*]" = "iPhone Developer";
				COPY_PHASE_STRIP = NO;
				DEBUG_INFORMATION_FORMAT = dwarf;
				ENABLE_STRICT_OBJC_MSGSEND = YES;
				ENABLE_TESTABILITY = YES;
				GCC_C_LANGUAGE_STANDARD = gnu99;
				GCC_DYNAMIC_NO_PIC = NO;
				GCC_NO_COMMON_BLOCKS = YES;
				GCC_OPTIMIZATION_LEVEL = 0;
				GCC_PREPROCESSOR_DEFINITIONS = (
					"DEBUG=1",
					"$(inherited)",
				);
				GCC_WARN_64_TO_32_BIT_CONVERSION = YES;
				GCC_WARN_ABOUT_RETURN_TYPE = YES_ERROR;
				GCC_WARN_UNDECLARED_SELECTOR = YES;
				GCC_WARN_UNINITIALIZED_AUTOS = YES_AGGRESSIVE;
				GCC_WARN_UNUSED_FUNCTION = YES;
				GCC_WARN_UNUSED_VARIABLE = YES;
				IPHONEOS_DEPLOYMENT_TARGET = 9.0;
				MTL_ENABLE_DEBUG_INFO = YES;
				ONLY_ACTIVE_ARCH = YES;
				SDKROOT = iphoneos;
				SWIFT_OPTIMIZATION_LEVEL = "-Onone";
			};
			name = Debug;
		};
		3F93EE961BDFF8A000A2A52F /* Release */ = {
			isa = XCBuildConfiguration;
			buildSettings = {
				ALWAYS_SEARCH_USER_PATHS = NO;
				CLANG_CXX_LANGUAGE_STANDARD = "gnu++0x";
				CLANG_CXX_LIBRARY = "libc++";
				CLANG_ENABLE_MODULES = YES;
				CLANG_ENABLE_OBJC_ARC = YES;
				CLANG_WARN_BOOL_CONVERSION = YES;
				CLANG_WARN_CONSTANT_CONVERSION = YES;
				CLANG_WARN_DIRECT_OBJC_ISA_USAGE = YES_ERROR;
				CLANG_WARN_EMPTY_BODY = YES;
				CLANG_WARN_ENUM_CONVERSION = YES;
				CLANG_WARN_INT_CONVERSION = YES;
				CLANG_WARN_OBJC_ROOT_CLASS = YES_ERROR;
				CLANG_WARN_UNREACHABLE_CODE = YES;
				CLANG_WARN__DUPLICATE_METHOD_MATCH = YES;
				"CODE_SIGN_IDENTITY[sdk=iphoneos*]" = "iPhone Developer";
				COPY_PHASE_STRIP = NO;
				DEBUG_INFORMATION_FORMAT = "dwarf-with-dsym";
				ENABLE_NS_ASSERTIONS = NO;
				ENABLE_STRICT_OBJC_MSGSEND = YES;
				GCC_C_LANGUAGE_STANDARD = gnu99;
				GCC_NO_COMMON_BLOCKS = YES;
				GCC_WARN_64_TO_32_BIT_CONVERSION = YES;
				GCC_WARN_ABOUT_RETURN_TYPE = YES_ERROR;
				GCC_WARN_UNDECLARED_SELECTOR = YES;
				GCC_WARN_UNINITIALIZED_AUTOS = YES_AGGRESSIVE;
				GCC_WARN_UNUSED_FUNCTION = YES;
				GCC_WARN_UNUSED_VARIABLE = YES;
				IPHONEOS_DEPLOYMENT_TARGET = 9.0;
				MTL_ENABLE_DEBUG_INFO = NO;
				SDKROOT = iphoneos;
				VALIDATE_PRODUCT = YES;
			};
			name = Release;
		};
		3F93EE981BDFF8A000A2A52F /* Debug */ = {
			isa = XCBuildConfiguration;
			buildSettings = {
				ASSETCATALOG_COMPILER_APPICON_NAME = AppIcon;
				INFOPLIST_FILE = PlayAudioFile/Info.plist;
				LD_RUNPATH_SEARCH_PATHS = "$(inherited) @executable_path/Frameworks";
				PRODUCT_BUNDLE_IDENTIFIER = info.funza.PlayAudioFile;
				PRODUCT_NAME = "$(TARGET_NAME)";
			};
			name = Debug;
		};
		3F93EE991BDFF8A000A2A52F /* Release */ = {
			isa = XCBuildConfiguration;
			buildSettings = {
				ASSETCATALOG_COMPILER_APPICON_NAME = AppIcon;
				INFOPLIST_FILE = PlayAudioFile/Info.plist;
				LD_RUNPATH_SEARCH_PATHS = "$(inherited) @executable_path/Frameworks";
				PRODUCT_BUNDLE_IDENTIFIER = info.funza.PlayAudioFile;
				PRODUCT_NAME = "$(TARGET_NAME)";
			};
			name = Release;
		};
/* End XCBuildConfiguration section */

/* Begin XCConfigurationList section */
		3F93EE801BDFF8A000A2A52F /* Build configuration list for PBXProject "PlayAudioFile" */ = {
			isa = XCConfigurationList;
			buildConfigurations = (
				3F93EE951BDFF8A000A2A52F /* Debug */,
				3F93EE961BDFF8A000A2A52F /* Release */,
			);
			defaultConfigurationIsVisible = 0;
			defaultConfigurationName = Release;
		};
		3F93EE971BDFF8A000A2A52F /* Build configuration list for PBXNativeTarget "PlayAudioFile" */ = {
			isa = XCConfigurationList;
			buildConfigurations = (
				3F93EE981BDFF8A000A2A52F /* Debug */,
				3F93EE991BDFF8A000A2A52F /* Release */,
			);
			defaultConfigurationIsVisible = 0;
		};
/* End XCConfigurationList section */
	};
	rootObject = 3F93EE7D1BDFF8A000A2A52F /* Project object */;
}
